
Microsoft Visual Studio Solution File, Format Version 12.00
# Visual Studio Version 17
VisualStudioVersion = 17.11.35303.130
MinimumVisualStudioVersion = 10.0.40219.1
Project("{2150E333-8FDC-42A3-9474-1A3956D46DE8}") = "src", "src", "{A0000000-0000-0000-0000-000000000001}"
EndProject
Project("{2150E333-8FDC-42A3-9474-1A3956D46DE8}") = "tests", "tests", "{A0000000-0000-0000-0000-000000000002}"
EndProject
Project("{FAE04EC0-301F-11D3-BF4B-00C04F79EFBC}") = "ECommerceAgents.Shared", "src\ECommerceAgents.Shared\ECommerceAgents.Shared.csproj", "{B0000000-0000-0000-0000-000000000001}"
EndProject
Project("{FAE04EC0-301F-11D3-BF4B-00C04F79EFBC}") = "ECommerceAgents.Orchestrator", "src\ECommerceAgents.Orchestrator\ECommerceAgents.Orchestrator.csproj", "{B0000000-0000-0000-0000-000000000002}"
EndProject
Project("{FAE04EC0-301F-11D3-BF4B-00C04F79EFBC}") = "ECommerceAgents.ProductDiscovery", "src\ECommerceAgents.ProductDiscovery\ECommerceAgents.ProductDiscovery.csproj", "{B0000000-0000-0000-0000-000000000003}"
EndProject
Project("{FAE04EC0-301F-11D3-BF4B-00C04F79EFBC}") = "ECommerceAgents.OrderManagement", "src\ECommerceAgents.OrderManagement\ECommerceAgents.OrderManagement.csproj", "{B0000000-0000-0000-0000-000000000004}"
EndProject
Project("{FAE04EC0-301F-11D3-BF4B-00C04F79EFBC}") = "ECommerceAgents.PricingPromotions", "src\ECommerceAgents.PricingPromotions\ECommerceAgents.PricingPromotions.csproj", "{B0000000-0000-0000-0000-000000000005}"
EndProject
Project("{FAE04EC0-301F-11D3-BF4B-00C04F79EFBC}") = "ECommerceAgents.ReviewSentiment", "src\ECommerceAgents.ReviewSentiment\ECommerceAgents.ReviewSentiment.csproj", "{B0000000-0000-0000-0000-000000000006}"
EndProject
Project("{FAE04EC0-301F-11D3-BF4B-00C04F79EFBC}") = "ECommerceAgents.InventoryFulfillment", "src\ECommerceAgents.InventoryFulfillment\ECommerceAgents.InventoryFulfillment.csproj", "{B0000000-0000-0000-0000-000000000007}"
EndProject
Project("{FAE04EC0-301F-11D3-BF4B-00C04F79EFBC}") = "ECommerceAgents.TestFixtures", "tests\ECommerceAgents.TestFixtures\ECommerceAgents.TestFixtures.csproj", "{0B15B231-DFA1-4C14-B5A2-57A32A0B6B6C}"
EndProject
Project("{FAE04EC0-301F-11D3-BF4B-00C04F79EFBC}") = "ECommerceAgents.ProductDiscovery.Tests", "tests\ECommerceAgents.ProductDiscovery.Tests\ECommerceAgents.ProductDiscovery.Tests.csproj", "{ED91455C-C0F8-499F-8AFF-72141B87A7A3}"
EndProject
Global
	GlobalSection(SolutionConfigurationPlatforms) = preSolution
		Debug|Any CPU = Debug|Any CPU
		Debug|x64 = Debug|x64
		Debug|x86 = Debug|x86
		Release|Any CPU = Release|Any CPU
		Release|x64 = Release|x64
		Release|x86 = Release|x86
	EndGlobalSection
	GlobalSection(ProjectConfigurationPlatforms) = postSolution
		{B0000000-0000-0000-0000-000000000001}.Debug|Any CPU.ActiveCfg = Debug|Any CPU
		{B0000000-0000-0000-0000-000000000001}.Debug|Any CPU.Build.0 = Debug|Any CPU
		{B0000000-0000-0000-0000-000000000001}.Debug|x64.ActiveCfg = Debug|Any CPU
		{B0000000-0000-0000-0000-000000000001}.Debug|x64.Build.0 = Debug|Any CPU
		{B0000000-0000-0000-0000-000000000001}.Debug|x86.ActiveCfg = Debug|Any CPU
		{B0000000-0000-0000-0000-000000000001}.Debug|x86.Build.0 = Debug|Any CPU
		{B0000000-0000-0000-0000-000000000001}.Release|Any CPU.ActiveCfg = Release|Any CPU
		{B0000000-0000-0000-0000-000000000001}.Release|Any CPU.Build.0 = Release|Any CPU
		{B0000000-0000-0000-0000-000000000001}.Release|x64.ActiveCfg = Release|Any CPU
		{B0000000-0000-0000-0000-000000000001}.Release|x64.Build.0 = Release|Any CPU
		{B0000000-0000-0000-0000-000000000001}.Release|x86.ActiveCfg = Release|Any CPU
		{B0000000-0000-0000-0000-000000000001}.Release|x86.Build.0 = Release|Any CPU
		{B0000000-0000-0000-0000-000000000002}.Debug|Any CPU.ActiveCfg = Debug|Any CPU
		{B0000000-0000-0000-0000-000000000002}.Debug|Any CPU.Build.0 = Debug|Any CPU
		{B0000000-0000-0000-0000-000000000002}.Debug|x64.ActiveCfg = Debug|Any CPU
		{B0000000-0000-0000-0000-000000000002}.Debug|x64.Build.0 = Debug|Any CPU
		{B0000000-0000-0000-0000-000000000002}.Debug|x86.ActiveCfg = Debug|Any CPU
		{B0000000-0000-0000-0000-000000000002}.Debug|x86.Build.0 = Debug|Any CPU
		{B0000000-0000-0000-0000-000000000002}.Release|Any CPU.ActiveCfg = Release|Any CPU
		{B0000000-0000-0000-0000-000000000002}.Release|Any CPU.Build.0 = Release|Any CPU
		{B0000000-0000-0000-0000-000000000002}.Release|x64.ActiveCfg = Release|Any CPU
		{B0000000-0000-0000-0000-000000000002}.Release|x64.Build.0 = Release|Any CPU
		{B0000000-0000-0000-0000-000000000002}.Release|x86.ActiveCfg = Release|Any CPU
		{B0000000-0000-0000-0000-000000000002}.Release|x86.Build.0 = Release|Any CPU
		{B0000000-0000-0000-0000-000000000003}.Debug|Any CPU.ActiveCfg = Debug|Any CPU
		{B0000000-0000-0000-0000-000000000003}.Debug|Any CPU.Build.0 = Debug|Any CPU
		{B0000000-0000-0000-0000-000000000003}.Debug|x64.ActiveCfg = Debug|Any CPU
		{B0000000-0000-0000-0000-000000000003}.Debug|x64.Build.0 = Debug|Any CPU
		{B0000000-0000-0000-0000-000000000003}.Debug|x86.ActiveCfg = Debug|Any CPU
		{B0000000-0000-0000-0000-000000000003}.Debug|x86.Build.0 = Debug|Any CPU
		{B0000000-0000-0000-0000-000000000003}.Release|Any CPU.ActiveCfg = Release|Any CPU
		{B0000000-0000-0000-0000-000000000003}.Release|Any CPU.Build.0 = Release|Any CPU
		{B0000000-0000-0000-0000-000000000003}.Release|x64.ActiveCfg = Release|Any CPU
		{B0000000-0000-0000-0000-000000000003}.Release|x64.Build.0 = Release|Any CPU
		{B0000000-0000-0000-0000-000000000003}.Release|x86.ActiveCfg = Release|Any CPU
		{B0000000-0000-0000-0000-000000000003}.Release|x86.Build.0 = Release|Any CPU
		{B0000000-0000-0000-0000-000000000004}.Debug|Any CPU.ActiveCfg = Debug|Any CPU
		{B0000000-0000-0000-0000-000000000004}.Debug|Any CPU.Build.0 = Debug|Any CPU
		{B0000000-0000-0000-0000-000000000004}.Debug|x64.ActiveCfg = Debug|Any CPU
		{B0000000-0000-0000-0000-000000000004}.Debug|x64.Build.0 = Debug|Any CPU
		{B0000000-0000-0000-0000-000000000004}.Debug|x86.ActiveCfg = Debug|Any CPU
		{B0000000-0000-0000-0000-000000000004}.Debug|x86.Build.0 = Debug|Any CPU
		{B0000000-0000-0000-0000-000000000004}.Release|Any CPU.ActiveCfg = Release|Any CPU
		{B0000000-0000-0000-0000-000000000004}.Release|Any CPU.Build.0 = Release|Any CPU
		{B0000000-0000-0000-0000-000000000004}.Release|x64.ActiveCfg = Release|Any CPU
		{B0000000-0000-0000-0000-000000000004}.Release|x64.Build.0 = Release|Any CPU
		{B0000000-0000-0000-0000-000000000004}.Release|x86.ActiveCfg = Release|Any CPU
		{B0000000-0000-0000-0000-000000000004}.Release|x86.Build.0 = Release|Any CPU
		{B0000000-0000-0000-0000-000000000005}.Debug|Any CPU.ActiveCfg = Debug|Any CPU
		{B0000000-0000-0000-0000-000000000005}.Debug|Any CPU.Build.0 = Debug|Any CPU
		{B0000000-0000-0000-0000-000000000005}.Debug|x64.ActiveCfg = Debug|Any CPU
		{B0000000-0000-0000-0000-000000000005}.Debug|x64.Build.0 = Debug|Any CPU
		{B0000000-0000-0000-0000-000000000005}.Debug|x86.ActiveCfg = Debug|Any CPU
		{B0000000-0000-0000-0000-000000000005}.Debug|x86.Build.0 = Debug|Any CPU
		{B0000000-0000-0000-0000-000000000005}.Release|Any CPU.ActiveCfg = Release|Any CPU
		{B0000000-0000-0000-0000-000000000005}.Release|Any CPU.Build.0 = Release|Any CPU
		{B0000000-0000-0000-0000-000000000005}.Release|x64.ActiveCfg = Release|Any CPU
		{B0000000-0000-0000-0000-000000000005}.Release|x64.Build.0 = Release|Any CPU
		{B0000000-0000-0000-0000-000000000005}.Release|x86.ActiveCfg = Release|Any CPU
		{B0000000-0000-0000-0000-000000000005}.Release|x86.Build.0 = Release|Any CPU
		{B0000000-0000-0000-0000-000000000006}.Debug|Any CPU.ActiveCfg = Debug|Any CPU
		{B0000000-0000-0000-0000-000000000006}.Debug|Any CPU.Build.0 = Debug|Any CPU
		{B0000000-0000-0000-0000-000000000006}.Debug|x64.ActiveCfg = Debug|Any CPU
		{B0000000-0000-0000-0000-000000000006}.Debug|x64.Build.0 = Debug|Any CPU
		{B0000000-0000-0000-0000-000000000006}.Debug|x86.ActiveCfg = Debug|Any CPU
		{B0000000-0000-0000-0000-000000000006}.Debug|x86.Build.0 = Debug|Any CPU
		{B0000000-0000-0000-0000-000000000006}.Release|Any CPU.ActiveCfg = Release|Any CPU
		{B0000000-0000-0000-0000-000000000006}.Release|Any CPU.Build.0 = Release|Any CPU
		{B0000000-0000-0000-0000-000000000006}.Release|x64.ActiveCfg = Release|Any CPU
		{B0000000-0000-0000-0000-000000000006}.Release|x64.Build.0 = Release|Any CPU
		{B0000000-0000-0000-0000-000000000006}.Release|x86.ActiveCfg = Release|Any CPU
		{B0000000-0000-0000-0000-000000000006}.Release|x86.Build.0 = Release|Any CPU
		{B0000000-0000-0000-0000-000000000007}.Debug|Any CPU.ActiveCfg = Debug|Any CPU
		{B0000000-0000-0000-0000-000000000007}.Debug|Any CPU.Build.0 = Debug|Any CPU
		{B0000000-0000-0000-0000-000000000007}.Debug|x64.ActiveCfg = Debug|Any CPU
		{B0000000-0000-0000-0000-000000000007}.Debug|x64.Build.0 = Debug|Any CPU
		{B0000000-0000-0000-0000-000000000007}.Debug|x86.ActiveCfg = Debug|Any CPU
		{B0000000-0000-0000-0000-000000000007}.Debug|x86.Build.0 = Debug|Any CPU
		{B0000000-0000-0000-0000-000000000007}.Release|Any CPU.ActiveCfg = Release|Any CPU
		{B0000000-0000-0000-0000-000000000007}.Release|Any CPU.Build.0 = Release|Any CPU
		{B0000000-0000-0000-0000-000000000007}.Release|x64.ActiveCfg = Release|Any CPU
		{B0000000-0000-0000-0000-000000000007}.Release|x64.Build.0 = Release|Any CPU
		{B0000000-0000-0000-0000-000000000007}.Release|x86.ActiveCfg = Release|Any CPU
		{B0000000-0000-0000-0000-000000000007}.Release|x86.Build.0 = Release|Any CPU
		{0B15B231-DFA1-4C14-B5A2-57A32A0B6B6C}.Debug|Any CPU.ActiveCfg = Debug|Any CPU
		{0B15B231-DFA1-4C14-B5A2-57A32A0B6B6C}.Debug|Any CPU.Build.0 = Debug|Any CPU
		{0B15B231-DFA1-4C14-B5A2-57A32A0B6B6C}.Debug|x64.ActiveCfg = Debug|Any CPU
		{0B15B231-DFA1-4C14-B5A2-57A32A0B6B6C}.Debug|x64.Build.0 = Debug|Any CPU
		{0B15B231-DFA1-4C14-B5A2-57A32A0B6B6C}.Debug|x86.ActiveCfg = Debug|Any CPU
		{0B15B231-DFA1-4C14-B5A2-57A32A0B6B6C}.Debug|x86.Build.0 = Debug|Any CPU
		{0B15B231-DFA1-4C14-B5A2-57A32A0B6B6C}.Release|Any CPU.ActiveCfg = Release|Any CPU
		{0B15B231-DFA1-4C14-B5A2-57A32A0B6B6C}.Release|Any CPU.Build.0 = Release|Any CPU
		{0B15B231-DFA1-4C14-B5A2-57A32A0B6B6C}.Release|x64.ActiveCfg = Release|Any CPU
		{0B15B231-DFA1-4C14-B5A2-57A32A0B6B6C}.Release|x64.Build.0 = Release|Any CPU
		{0B15B231-DFA1-4C14-B5A2-57A32A0B6B6C}.Release|x86.ActiveCfg = Release|Any CPU
		{0B15B231-DFA1-4C14-B5A2-57A32A0B6B6C}.Release|x86.Build.0 = Release|Any CPU
		{ED91455C-C0F8-499F-8AFF-72141B87A7A3}.Debug|Any CPU.ActiveCfg = Debug|Any CPU
		{ED91455C-C0F8-499F-8AFF-72141B87A7A3}.Debug|Any CPU.Build.0 = Debug|Any CPU
		{ED91455C-C0F8-499F-8AFF-72141B87A7A3}.Debug|x64.ActiveCfg = Debug|Any CPU
		{ED91455C-C0F8-499F-8AFF-72141B87A7A3}.Debug|x64.Build.0 = Debug|Any CPU
		{ED91455C-C0F8-499F-8AFF-72141B87A7A3}.Debug|x86.ActiveCfg = Debug|Any CPU
		{ED91455C-C0F8-499F-8AFF-72141B87A7A3}.Debug|x86.Build.0 = Debug|Any CPU
		{ED91455C-C0F8-499F-8AFF-72141B87A7A3}.Release|Any CPU.ActiveCfg = Release|Any CPU
		{ED91455C-C0F8-499F-8AFF-72141B87A7A3}.Release|Any CPU.Build.0 = Release|Any CPU
		{ED91455C-C0F8-499F-8AFF-72141B87A7A3}.Release|x64.ActiveCfg = Release|Any CPU
		{ED91455C-C0F8-499F-8AFF-72141B87A7A3}.Release|x64.Build.0 = Release|Any CPU
		{ED91455C-C0F8-499F-8AFF-72141B87A7A3}.Release|x86.ActiveCfg = Release|Any CPU
		{ED91455C-C0F8-499F-8AFF-72141B87A7A3}.Release|x86.Build.0 = Release|Any CPU
	EndGlobalSection
	GlobalSection(SolutionProperties) = preSolution
		HideSolutionNode = FALSE
	EndGlobalSection
	GlobalSection(NestedProjects) = preSolution
		{B0000000-0000-0000-0000-000000000001} = {A0000000-0000-0000-0000-000000000001}
		{B0000000-0000-0000-0000-000000000002} = {A0000000-0000-0000-0000-000000000001}
		{B0000000-0000-0000-0000-000000000003} = {A0000000-0000-0000-0000-000000000001}
		{B0000000-0000-0000-0000-000000000004} = {A0000000-0000-0000-0000-000000000001}
		{B0000000-0000-0000-0000-000000000005} = {A0000000-0000-0000-0000-000000000001}
		{B0000000-0000-0000-0000-000000000006} = {A0000000-0000-0000-0000-000000000001}
		{B0000000-0000-0000-0000-000000000007} = {A0000000-0000-0000-0000-000000000001}
		{0B15B231-DFA1-4C14-B5A2-57A32A0B6B6C} = {A0000000-0000-0000-0000-000000000002}
		{ED91455C-C0F8-499F-8AFF-72141B87A7A3} = {A0000000-0000-0000-0000-000000000002}
	EndGlobalSection
EndGlobal
